{
  "name": "newbaseproject2",
  "lockfileVersion": 3,
  "requires": true,
  "packages": {
    "": {
      "dependencies": {
        "react-native-select-dropdown": "^4.0.1"
      }
    },
    "node_modules/react-native-select-dropdown": {
      "version": "4.0.1",
      "resolved": "https://registry.npmjs.org/react-native-select-dropdown/-/react-native-select-dropdown-4.0.1.tgz",
      "integrity": "sha512-t4se17kALFcPb9wMbxig5dS1BE3pWRC6HPuFlM0J2Y6yhB1GsLqboy6an6R9rML8pRuGIJIxL29cbwEvPQwKxQ==",
      "license": "MIT"
    }
  }
}
